
Microsoft Visual Studio Solution File, Format Version 12.00
# Visual Studio Version 17
VisualStudioVersion = 17.13.35919.96 d17.13
MinimumVisualStudioVersion = 10.0.40219.1
Project("{FAE04EC0-301F-11D3-BF4B-00C04F79EFBC}") = "Presenter", "Ass1_HotelBookingSystem\Presenter.csproj", "{16A96C00-CC01-4A89-BEE1-817C17195989}"
EndProject
Project("{FAE04EC0-301F-11D3-BF4B-00C04F79EFBC}") = "BLL", "BAL\BLL.csproj", "{5BDF64F2-7250-41BA-9570-28853B2EE4B6}"
EndProject
Project("{FAE04EC0-301F-11D3-BF4B-00C04F79EFBC}") = "DAL", "DAL\DAL.csproj", "{21635E64-E29A-4468-8917-C4FC850F7CA5}"
EndProject
Global
	GlobalSection(SolutionConfigurationPlatforms) = preSolution
		Debug|Any CPU = Debug|Any CPU
		Release|Any CPU = Release|Any CPU
	EndGlobalSection
	GlobalSection(ProjectConfigurationPlatforms) = postSolution
		{16A96C00-CC01-4A89-BEE1-817C17195989}.Debug|Any CPU.ActiveCfg = Debug|Any CPU
		{16A96C00-CC01-4A89-BEE1-817C17195989}.Debug|Any CPU.Build.0 = Debug|Any CPU
		{16A96C00-CC01-4A89-BEE1-817C17195989}.Release|Any CPU.ActiveCfg = Release|Any CPU
		{16A96C00-CC01-4A89-BEE1-817C17195989}.Release|Any CPU.Build.0 = Release|Any CPU
		{5BDF64F2-7250-41BA-9570-28853B2EE4B6}.Debug|Any CPU.ActiveCfg = Debug|Any CPU
		{5BDF64F2-7250-41BA-9570-28853B2EE4B6}.Debug|Any CPU.Build.0 = Debug|Any CPU
		{5BDF64F2-7250-41BA-9570-28853B2EE4B6}.Release|Any CPU.ActiveCfg = Release|Any CPU
		{5BDF64F2-7250-41BA-9570-28853B2EE4B6}.Release|Any CPU.Build.0 = Release|Any CPU
		{21635E64-E29A-4468-8917-C4FC850F7CA5}.Debug|Any CPU.ActiveCfg = Debug|Any CPU
		{21635E64-E29A-4468-8917-C4FC850F7CA5}.Debug|Any CPU.Build.0 = Debug|Any CPU
		{21635E64-E29A-4468-8917-C4FC850F7CA5}.Release|Any CPU.ActiveCfg = Release|Any CPU
		{21635E64-E29A-4468-8917-C4FC850F7CA5}.Release|Any CPU.Build.0 = Release|Any CPU
	EndGlobalSection
	GlobalSection(SolutionProperties) = preSolution
		HideSolutionNode = FALSE
	EndGlobalSection
	GlobalSection(ExtensibilityGlobals) = postSolution
		SolutionGuid = {DFA12ECE-FC2E-4840-A949-33D759653E86}
	EndGlobalSection
EndGlobal
